// !$*UTF8*$!
{
	archiveVersion = 1;
	classes = {
	};
	objectVersion = 56;
	objects = {

/* Begin PBXBuildFile section */
		1223C3792C69EF1B0005329C /* CoachMarkViewModel.swift in Sources */ = {isa = PBXBuildFile; fileRef = 1223C3782C69EF1B0005329C /* CoachMarkViewModel.swift */; };
		129461EF2C6CB215008BB44E /* DefaultStyleView.swift in Sources */ = {isa = PBXBuildFile; fileRef = 129461EE2C6CB215008BB44E /* DefaultStyleView.swift */; };
		129461F12C6CB393008BB44E /* DefaultStyleWithCustomizationView.swift in Sources */ = {isa = PBXBuildFile; fileRef = 129461F02C6CB393008BB44E /* DefaultStyleWithCustomizationView.swift */; };
		129461F32C6CB5B6008BB44E /* CommonView.swift in Sources */ = {isa = PBXBuildFile; fileRef = 129461F22C6CB5B6008BB44E /* CommonView.swift */; };
		12B021C22C65E0730079A38E /* SSCoachMarksDemoApp.swift in Sources */ = {isa = PBXBuildFile; fileRef = 12B021C12C65E0730079A38E /* SSCoachMarksDemoApp.swift */; };
		12B021C42C65E0730079A38E /* ContentView.swift in Sources */ = {isa = PBXBuildFile; fileRef = 12B021C32C65E0730079A38E /* ContentView.swift */; };
		12B021C62C65E0740079A38E /* Assets.xcassets in Resources */ = {isa = PBXBuildFile; fileRef = 12B021C52C65E0740079A38E /* Assets.xcassets */; };
		12B021C92C65E0740079A38E /* Preview Assets.xcassets in Resources */ = {isa = PBXBuildFile; fileRef = 12B021C82C65E0740079A38E /* Preview Assets.xcassets */; };
		12B021D32C65E0740079A38E /* SSCoachMarksDemoTests.swift in Sources */ = {isa = PBXBuildFile; fileRef = 12B021D22C65E0740079A38E /* SSCoachMarksDemoTests.swift */; };
		12B021DD2C65E0740079A38E /* SSCoachMarksDemoUITests.swift in Sources */ = {isa = PBXBuildFile; fileRef = 12B021DC2C65E0740079A38E /* SSCoachMarksDemoUITests.swift */; };
		12B021DF2C65E0740079A38E /* SSCoachMarksDemoUITestsLaunchTests.swift in Sources */ = {isa = PBXBuildFile; fileRef = 12B021DE2C65E0740079A38E /* SSCoachMarksDemoUITestsLaunchTests.swift */; };
		12B021FD2C65E7E80079A38E /* SSCoachMarkButtonStyle.swift in Sources */ = {isa = PBXBuildFile; fileRef = 12B021EE2C65E7E70079A38E /* SSCoachMarkButtonStyle.swift */; };
		12B021FE2C65E7E80079A38E /* CoachMarkModel.swift in Sources */ = {isa = PBXBuildFile; fileRef = 12B021EF2C65E7E70079A38E /* CoachMarkModel.swift */; };
		12B021FF2C65E7E80079A38E /* SSCoachMarkTextStyle.swift in Sources */ = {isa = PBXBuildFile; fileRef = 12B021F02C65E7E70079A38E /* SSCoachMarkTextStyle.swift */; };
		12B022002C65E7E80079A38E /* SSCoachMarkOverlayStyle.swift in Sources */ = {isa = PBXBuildFile; fileRef = 12B021F12C65E7E70079A38E /* SSCoachMarkOverlayStyle.swift */; };
		12B022012C65E7E80079A38E /* Color+Extension.swift in Sources */ = {isa = PBXBuildFile; fileRef = 12B021F32C65E7E70079A38E /* Color+Extension.swift */; };
		12B022022C65E7E80079A38E /* View+Extension.swift in Sources */ = {isa = PBXBuildFile; fileRef = 12B021F42C65E7E70079A38E /* View+Extension.swift */; };
		12B022032C65E7E80079A38E /* CoachMarkView.swift in Sources */ = {isa = PBXBuildFile; fileRef = 12B021F62C65E7E70079A38E /* CoachMarkView.swift */; };
		12B022042C65E7E80079A38E /* SSCoachMarkManager.swift in Sources */ = {isa = PBXBuildFile; fileRef = 12B021F82C65E7E70079A38E /* SSCoachMarkManager.swift */; };
		12B022052C65E7E80079A38E /* PreferenceKey.swift in Sources */ = {isa = PBXBuildFile; fileRef = 12B021F92C65E7E70079A38E /* PreferenceKey.swift */; };
		12B022062C65E7E80079A38E /* CommonModifier.swift in Sources */ = {isa = PBXBuildFile; fileRef = 12B021FA2C65E7E70079A38E /* CommonModifier.swift */; };
		12B022072C65E7E80079A38E /* CommonFunctions.swift in Sources */ = {isa = PBXBuildFile; fileRef = 12B021FB2C65E7E70079A38E /* CommonFunctions.swift */; };
		12B022082C65E7E80079A38E /* SSCoachMarkConfiguration.swift in Sources */ = {isa = PBXBuildFile; fileRef = 12B021FC2C65E7E70079A38E /* SSCoachMarkConfiguration.swift */; };
		12CFB8BF2C6B413400E0B49A /* AutoTransitionExample.swift in Sources */ = {isa = PBXBuildFile; fileRef = 12CFB8BE2C6B413200E0B49A /* AutoTransitionExample.swift */; };
		12CFB8C12C6B5A8E00E0B49A /* CustomButtonsExampleView.swift in Sources */ = {isa = PBXBuildFile; fileRef = 12CFB8C02C6B5A8D00E0B49A /* CustomButtonsExampleView.swift */; };
		12E58E6F2C6611D700B6970A /* EmailModel.swift in Sources */ = {isa = PBXBuildFile; fileRef = 12E58E6E2C6611D700B6970A /* EmailModel.swift */; };
		12E58E712C66127600B6970A /* SearchTextField.swift in Sources */ = {isa = PBXBuildFile; fileRef = 12E58E702C66127600B6970A /* SearchTextField.swift */; };
		12E58E732C66129800B6970A /* EmailRow.swift in Sources */ = {isa = PBXBuildFile; fileRef = 12E58E722C66129800B6970A /* EmailRow.swift */; };
/* End PBXBuildFile section */

/* Begin PBXContainerItemProxy section */
		12B021CF2C65E0740079A38E /* PBXContainerItemProxy */ = {
			isa = PBXContainerItemProxy;
			containerPortal = 12B021B62C65E0730079A38E /* Project object */;
			proxyType = 1;
			remoteGlobalIDString = 12B021BD2C65E0730079A38E;
			remoteInfo = SSCoachMarksDemo;
		};
		12B021D92C65E0740079A38E /* PBXContainerItemProxy */ = {
			isa = PBXContainerItemProxy;
			containerPortal = 12B021B62C65E0730079A38E /* Project object */;
			proxyType = 1;
			remoteGlobalIDString = 12B021BD2C65E0730079A38E;
			remoteInfo = SSCoachMarksDemo;
		};
/* End PBXContainerItemProxy section */

/* Begin PBXFileReference section */
		1223C3782C69EF1B0005329C /* CoachMarkViewModel.swift */ = {isa = PBXFileReference; lastKnownFileType = sourcecode.swift; path = CoachMarkViewModel.swift; sourceTree = "<group>"; };
		129461EE2C6CB215008BB44E /* DefaultStyleView.swift */ = {isa = PBXFileReference; lastKnownFileType = sourcecode.swift; path = DefaultStyleView.swift; sourceTree = "<group>"; };
		129461F02C6CB393008BB44E /* DefaultStyleWithCustomizationView.swift */ = {isa = PBXFileReference; lastKnownFileType = sourcecode.swift; path = DefaultStyleWithCustomizationView.swift; sourceTree = "<group>"; };
		129461F22C6CB5B6008BB44E /* CommonView.swift */ = {isa = PBXFileReference; lastKnownFileType = sourcecode.swift; path = CommonView.swift; sourceTree = "<group>"; };
		12B021BE2C65E0730079A38E /* SSCoachMarksDemo.app */ = {isa = PBXFileReference; explicitFileType = wrapper.application; includeInIndex = 0; path = SSCoachMarksDemo.app; sourceTree = BUILT_PRODUCTS_DIR; };
		12B021C12C65E0730079A38E /* SSCoachMarksDemoApp.swift */ = {isa = PBXFileReference; lastKnownFileType = sourcecode.swift; path = SSCoachMarksDemoApp.swift; sourceTree = "<group>"; };
		12B021C32C65E0730079A38E /* ContentView.swift */ = {isa = PBXFileReference; lastKnownFileType = sourcecode.swift; path = ContentView.swift; sourceTree = "<group>"; };
		12B021C52C65E0740079A38E /* Assets.xcassets */ = {isa = PBXFileReference; lastKnownFileType = folder.assetcatalog; path = Assets.xcassets; sourceTree = "<group>"; };
		12B021C82C65E0740079A38E /* Preview Assets.xcassets */ = {isa = PBXFileReference; lastKnownFileType = folder.assetcatalog; path = "Preview Assets.xcassets"; sourceTree = "<group>"; };
		12B021CE2C65E0740079A38E /* SSCoachMarksDemoTests.xctest */ = {isa = PBXFileReference; explicitFileType = wrapper.cfbundle; includeInIndex = 0; path = SSCoachMarksDemoTests.xctest; sourceTree = BUILT_PRODUCTS_DIR; };
		12B021D22C65E0740079A38E /* SSCoachMarksDemoTests.swift */ = {isa = PBXFileReference; lastKnownFileType = sourcecode.swift; path = SSCoachMarksDemoTests.swift; sourceTree = "<group>"; };
		12B021D82C65E0740079A38E /* SSCoachMarksDemoUITests.xctest */ = {isa = PBXFileReference; explicitFileType = wrapper.cfbundle; includeInIndex = 0; path = SSCoachMarksDemoUITests.xctest; sourceTree = BUILT_PRODUCTS_DIR; };
		12B021DC2C65E0740079A38E /* SSCoachMarksDemoUITests.swift */ = {isa = PBXFileReference; lastKnownFileType = sourcecode.swift; path = SSCoachMarksDemoUITests.swift; sourceTree = "<group>"; };
		12B021DE2C65E0740079A38E /* SSCoachMarksDemoUITestsLaunchTests.swift */ = {isa = PBXFileReference; lastKnownFileType = sourcecode.swift; path = SSCoachMarksDemoUITestsLaunchTests.swift; sourceTree = "<group>"; };
		12B021EE2C65E7E70079A38E /* SSCoachMarkButtonStyle.swift */ = {isa = PBXFileReference; fileEncoding = 4; lastKnownFileType = sourcecode.swift; path = SSCoachMarkButtonStyle.swift; sourceTree = "<group>"; };
		12B021EF2C65E7E70079A38E /* CoachMarkModel.swift */ = {isa = PBXFileReference; fileEncoding = 4; lastKnownFileType = sourcecode.swift; path = CoachMarkModel.swift; sourceTree = "<group>"; };
		12B021F02C65E7E70079A38E /* SSCoachMarkTextStyle.swift */ = {isa = PBXFileReference; fileEncoding = 4; lastKnownFileType = sourcecode.swift; path = SSCoachMarkTextStyle.swift; sourceTree = "<group>"; };
		12B021F12C65E7E70079A38E /* SSCoachMarkOverlayStyle.swift */ = {isa = PBXFileReference; fileEncoding = 4; lastKnownFileType = sourcecode.swift; path = SSCoachMarkOverlayStyle.swift; sourceTree = "<group>"; };
		12B021F32C65E7E70079A38E /* Color+Extension.swift */ = {isa = PBXFileReference; fileEncoding = 4; lastKnownFileType = sourcecode.swift; path = "Color+Extension.swift"; sourceTree = "<group>"; };
		12B021F42C65E7E70079A38E /* View+Extension.swift */ = {isa = PBXFileReference; fileEncoding = 4; lastKnownFileType = sourcecode.swift; path = "View+Extension.swift"; sourceTree = "<group>"; };
		12B021F62C65E7E70079A38E /* CoachMarkView.swift */ = {isa = PBXFileReference; fileEncoding = 4; lastKnownFileType = sourcecode.swift; path = CoachMarkView.swift; sourceTree = "<group>"; };
		12B021F82C65E7E70079A38E /* SSCoachMarkManager.swift */ = {isa = PBXFileReference; fileEncoding = 4; lastKnownFileType = sourcecode.swift; path = SSCoachMarkManager.swift; sourceTree = "<group>"; };
		12B021F92C65E7E70079A38E /* PreferenceKey.swift */ = {isa = PBXFileReference; fileEncoding = 4; lastKnownFileType = sourcecode.swift; path = PreferenceKey.swift; sourceTree = "<group>"; };
		12B021FA2C65E7E70079A38E /* CommonModifier.swift */ = {isa = PBXFileReference; fileEncoding = 4; lastKnownFileType = sourcecode.swift; path = CommonModifier.swift; sourceTree = "<group>"; };
		12B021FB2C65E7E70079A38E /* CommonFunctions.swift */ = {isa = PBXFileReference; fileEncoding = 4; lastKnownFileType = sourcecode.swift; path = CommonFunctions.swift; sourceTree = "<group>"; };
		12B021FC2C65E7E70079A38E /* SSCoachMarkConfiguration.swift */ = {isa = PBXFileReference; fileEncoding = 4; lastKnownFileType = sourcecode.swift; path = SSCoachMarkConfiguration.swift; sourceTree = "<group>"; };
		12CFB8BE2C6B413200E0B49A /* AutoTransitionExample.swift */ = {isa = PBXFileReference; lastKnownFileType = sourcecode.swift; path = AutoTransitionExample.swift; sourceTree = "<group>"; };
		12CFB8C02C6B5A8D00E0B49A /* CustomButtonsExampleView.swift */ = {isa = PBXFileReference; lastKnownFileType = sourcecode.swift; path = CustomButtonsExampleView.swift; sourceTree = "<group>"; };
		12E58E6E2C6611D700B6970A /* EmailModel.swift */ = {isa = PBXFileReference; lastKnownFileType = sourcecode.swift; path = EmailModel.swift; sourceTree = "<group>"; };
		12E58E702C66127600B6970A /* SearchTextField.swift */ = {isa = PBXFileReference; lastKnownFileType = sourcecode.swift; path = SearchTextField.swift; sourceTree = "<group>"; };
		12E58E722C66129800B6970A /* EmailRow.swift */ = {isa = PBXFileReference; lastKnownFileType = sourcecode.swift; path = EmailRow.swift; sourceTree = "<group>"; };
/* End PBXFileReference section */

/* Begin PBXFrameworksBuildPhase section */
		12B021BB2C65E0730079A38E /* Frameworks */ = {
			isa = PBXFrameworksBuildPhase;
			buildActionMask = 2147483647;
			files = (
			);
			runOnlyForDeploymentPostprocessing = 0;
		};
		12B021CB2C65E0740079A38E /* Frameworks */ = {
			isa = PBXFrameworksBuildPhase;
			buildActionMask = 2147483647;
			files = (
			);
			runOnlyForDeploymentPostprocessing = 0;
		};
		12B021D52C65E0740079A38E /* Frameworks */ = {
			isa = PBXFrameworksBuildPhase;
			buildActionMask = 2147483647;
			files = (
			);
			runOnlyForDeploymentPostprocessing = 0;
		};
/* End PBXFrameworksBuildPhase section */

/* Begin PBXGroup section */
		1223C3772C69EF0A0005329C /* ViewModel */ = {
			isa = PBXGroup;
			children = (
				1223C3782C69EF1B0005329C /* CoachMarkViewModel.swift */,
			);
			path = ViewModel;
			sourceTree = "<group>";
		};
		12B021B52C65E0730079A38E = {
			isa = PBXGroup;
			children = (
				12B021EC2C65E7E70079A38E /* Sources */,
				12B021C02C65E0730079A38E /* SSCoachMarksDemo */,
				12B021D12C65E0740079A38E /* SSCoachMarksDemoTests */,
				12B021DB2C65E0740079A38E /* SSCoachMarksDemoUITests */,
				12B021BF2C65E0730079A38E /* Products */,
			);
			sourceTree = "<group>";
		};
		12B021BF2C65E0730079A38E /* Products */ = {
			isa = PBXGroup;
			children = (
				12B021BE2C65E0730079A38E /* SSCoachMarksDemo.app */,
				12B021CE2C65E0740079A38E /* SSCoachMarksDemoTests.xctest */,
				12B021D82C65E0740079A38E /* SSCoachMarksDemoUITests.xctest */,
			);
			name = Products;
			sourceTree = "<group>";
		};
		12B021C02C65E0730079A38E /* SSCoachMarksDemo */ = {
			isa = PBXGroup;
			children = (
				12B021C12C65E0730079A38E /* SSCoachMarksDemoApp.swift */,
				12B021C32C65E0730079A38E /* ContentView.swift */,
				129461F22C6CB5B6008BB44E /* CommonView.swift */,
				12CFB8BE2C6B413200E0B49A /* AutoTransitionExample.swift */,
				12CFB8C02C6B5A8D00E0B49A /* CustomButtonsExampleView.swift */,
				129461EE2C6CB215008BB44E /* DefaultStyleView.swift */,
				129461F02C6CB393008BB44E /* DefaultStyleWithCustomizationView.swift */,
				12E58E722C66129800B6970A /* EmailRow.swift */,
				12E58E702C66127600B6970A /* SearchTextField.swift */,
				12E58E6E2C6611D700B6970A /* EmailModel.swift */,
				12B021C52C65E0740079A38E /* Assets.xcassets */,
				12B021C72C65E0740079A38E /* Preview Content */,
			);
			path = SSCoachMarksDemo;
			sourceTree = "<group>";
		};
		12B021C72C65E0740079A38E /* Preview Content */ = {
			isa = PBXGroup;
			children = (
				12B021C82C65E0740079A38E /* Preview Assets.xcassets */,
			);
			path = "Preview Content";
			sourceTree = "<group>";
		};
		12B021D12C65E0740079A38E /* SSCoachMarksDemoTests */ = {
			isa = PBXGroup;
			children = (
				12B021D22C65E0740079A38E /* SSCoachMarksDemoTests.swift */,
			);
			path = SSCoachMarksDemoTests;
			sourceTree = "<group>";
		};
		12B021DB2C65E0740079A38E /* SSCoachMarksDemoUITests */ = {
			isa = PBXGroup;
			children = (
				12B021DC2C65E0740079A38E /* SSCoachMarksDemoUITests.swift */,
				12B021DE2C65E0740079A38E /* SSCoachMarksDemoUITestsLaunchTests.swift */,
			);
			path = SSCoachMarksDemoUITests;
			sourceTree = "<group>";
		};
		12B021EC2C65E7E70079A38E /* Sources */ = {
			isa = PBXGroup;
			children = (
				1223C3772C69EF0A0005329C /* ViewModel */,
				12B021ED2C65E7E70079A38E /* Models */,
				12B021F22C65E7E70079A38E /* Extensions */,
				12B021F52C65E7E70079A38E /* Views */,
				12B021F72C65E7E70079A38E /* Helpers */,
			);
			path = Sources;
			sourceTree = "<group>";
		};
		12B021ED2C65E7E70079A38E /* Models */ = {
			isa = PBXGroup;
			children = (
				12B021EE2C65E7E70079A38E /* SSCoachMarkButtonStyle.swift */,
				12B021EF2C65E7E70079A38E /* CoachMarkModel.swift */,
				12B021F02C65E7E70079A38E /* SSCoachMarkTextStyle.swift */,
				12B021F12C65E7E70079A38E /* SSCoachMarkOverlayStyle.swift */,
			);
			path = Models;
			sourceTree = "<group>";
		};
		12B021F22C65E7E70079A38E /* Extensions */ = {
			isa = PBXGroup;
			children = (
				12B021F32C65E7E70079A38E /* Color+Extension.swift */,
				12B021F42C65E7E70079A38E /* View+Extension.swift */,
			);
			path = Extensions;
			sourceTree = "<group>";
		};
		12B021F52C65E7E70079A38E /* Views */ = {
			isa = PBXGroup;
			children = (
				12B021F62C65E7E70079A38E /* CoachMarkView.swift */,
			);
			path = Views;
			sourceTree = "<group>";
		};
		12B021F72C65E7E70079A38E /* Helpers */ = {
			isa = PBXGroup;
			children = (
				12B021F82C65E7E70079A38E /* SSCoachMarkManager.swift */,
				12B021F92C65E7E70079A38E /* PreferenceKey.swift */,
				12B021FA2C65E7E70079A38E /* CommonModifier.swift */,
				12B021FB2C65E7E70079A38E /* CommonFunctions.swift */,
				12B021FC2C65E7E70079A38E /* SSCoachMarkConfiguration.swift */,
			);
			path = Helpers;
			sourceTree = "<group>";
		};
/* End PBXGroup section */

/* Begin PBXNativeTarget section */
		12B021BD2C65E0730079A38E /* SSCoachMarksDemo */ = {
			isa = PBXNativeTarget;
			buildConfigurationList = 12B021E22C65E0740079A38E /* Build configuration list for PBXNativeTarget "SSCoachMarksDemo" */;
			buildPhases = (
				12B021BA2C65E0730079A38E /* Sources */,
				12B021BB2C65E0730079A38E /* Frameworks */,
				12B021BC2C65E0730079A38E /* Resources */,
			);
			buildRules = (
			);
			dependencies = (
			);
			name = SSCoachMarksDemo;
			productName = SSCoachMarksDemo;
			productReference = 12B021BE2C65E0730079A38E /* SSCoachMarksDemo.app */;
			productType = "com.apple.product-type.application";
		};
		12B021CD2C65E0740079A38E /* SSCoachMarksDemoTests */ = {
			isa = PBXNativeTarget;
			buildConfigurationList = 12B021E52C65E0740079A38E /* Build configuration list for PBXNativeTarget "SSCoachMarksDemoTests" */;
			buildPhases = (
				12B021CA2C65E0740079A38E /* Sources */,
				12B021CB2C65E0740079A38E /* Frameworks */,
				12B021CC2C65E0740079A38E /* Resources */,
			);
			buildRules = (
			);
			dependencies = (
				12B021D02C65E0740079A38E /* PBXTargetDependency */,
			);
			name = SSCoachMarksDemoTests;
			productName = SSCoachMarksDemoTests;
			productReference = 12B021CE2C65E0740079A38E /* SSCoachMarksDemoTests.xctest */;
			productType = "com.apple.product-type.bundle.unit-test";
		};
		12B021D72C65E0740079A38E /* SSCoachMarksDemoUITests */ = {
			isa = PBXNativeTarget;
			buildConfigurationList = 12B021E82C65E0740079A38E /* Build configuration list for PBXNativeTarget "SSCoachMarksDemoUITests" */;
			buildPhases = (
				12B021D42C65E0740079A38E /* Sources */,
				12B021D52C65E0740079A38E /* Frameworks */,
				12B021D62C65E0740079A38E /* Resources */,
			);
			buildRules = (
			);
			dependencies = (
				12B021DA2C65E0740079A38E /* PBXTargetDependency */,
			);
			name = SSCoachMarksDemoUITests;
			productName = SSCoachMarksDemoUITests;
			productReference = 12B021D82C65E0740079A38E /* SSCoachMarksDemoUITests.xctest */;
			productType = "com.apple.product-type.bundle.ui-testing";
		};
/* End PBXNativeTarget section */

/* Begin PBXProject section */
		12B021B62C65E0730079A38E /* Project object */ = {
			isa = PBXProject;
			attributes = {
				BuildIndependentTargetsInParallel = 1;
				LastSwiftUpdateCheck = 1520;
				LastUpgradeCheck = 1520;
				TargetAttributes = {
					12B021BD2C65E0730079A38E = {
						CreatedOnToolsVersion = 15.2;
					};
					12B021CD2C65E0740079A38E = {
						CreatedOnToolsVersion = 15.2;
						TestTargetID = 12B021BD2C65E0730079A38E;
					};
					12B021D72C65E0740079A38E = {
						CreatedOnToolsVersion = 15.2;
						TestTargetID = 12B021BD2C65E0730079A38E;
					};
				};
			};
			buildConfigurationList = 12B021B92C65E0730079A38E /* Build configuration list for PBXProject "SSCoachMarksDemo" */;
			compatibilityVersion = "Xcode 14.0";
			developmentRegion = en;
			hasScannedForEncodings = 0;
			knownRegions = (
				en,
				Base,
			);
			mainGroup = 12B021B52C65E0730079A38E;
			productRefGroup = 12B021BF2C65E0730079A38E /* Products */;
			projectDirPath = "";
			projectRoot = "";
			targets = (
				12B021BD2C65E0730079A38E /* SSCoachMarksDemo */,
				12B021CD2C65E0740079A38E /* SSCoachMarksDemoTests */,
				12B021D72C65E0740079A38E /* SSCoachMarksDemoUITests */,
			);
		};
/* End PBXProject section */

/* Begin PBXResourcesBuildPhase section */
		12B021BC2C65E0730079A38E /* Resources */ = {
			isa = PBXResourcesBuildPhase;
			buildActionMask = 2147483647;
			files = (
				12B021C92C65E0740079A38E /* Preview Assets.xcassets in Resources */,
				12B021C62C65E0740079A38E /* Assets.xcassets in Resources */,
			);
			runOnlyForDeploymentPostprocessing = 0;
		};
		12B021CC2C65E0740079A38E /* Resources */ = {
			isa = PBXResourcesBuildPhase;
			buildActionMask = 2147483647;
			files = (
			);
			runOnlyForDeploymentPostprocessing = 0;
		};
		12B021D62C65E0740079A38E /* Resources */ = {
			isa = PBXResourcesBuildPhase;
			buildActionMask = 2147483647;
			files = (
			);
			runOnlyForDeploymentPostprocessing = 0;
		};
/* End PBXResourcesBuildPhase section */

/* Begin PBXSourcesBuildPhase section */
		12B021BA2C65E0730079A38E /* Sources */ = {
			isa = PBXSourcesBuildPhase;
			buildActionMask = 2147483647;
			files = (
				12B022002C65E7E80079A38E /* SSCoachMarkOverlayStyle.swift in Sources */,
				12B022052C65E7E80079A38E /* PreferenceKey.swift in Sources */,
				12E58E6F2C6611D700B6970A /* EmailModel.swift in Sources */,
				12B022032C65E7E80079A38E /* CoachMarkView.swift in Sources */,
				129461F12C6CB393008BB44E /* DefaultStyleWithCustomizationView.swift in Sources */,
				12B022012C65E7E80079A38E /* Color+Extension.swift in Sources */,
				12B022022C65E7E80079A38E /* View+Extension.swift in Sources */,
				12CFB8C12C6B5A8E00E0B49A /* CustomButtonsExampleView.swift in Sources */,
				1223C3792C69EF1B0005329C /* CoachMarkViewModel.swift in Sources */,
				12CFB8BF2C6B413400E0B49A /* AutoTransitionExample.swift in Sources */,
				12B021FD2C65E7E80079A38E /* SSCoachMarkButtonStyle.swift in Sources */,
				12B022082C65E7E80079A38E /* SSCoachMarkConfiguration.swift in Sources */,
				12B021FE2C65E7E80079A38E /* CoachMarkModel.swift in Sources */,
				12B021FF2C65E7E80079A38E /* SSCoachMarkTextStyle.swift in Sources */,
				12E58E732C66129800B6970A /* EmailRow.swift in Sources */,
				12B021C42C65E0730079A38E /* ContentView.swift in Sources */,
				12B021C22C65E0730079A38E /* SSCoachMarksDemoApp.swift in Sources */,
				12B022072C65E7E80079A38E /* CommonFunctions.swift in Sources */,
				129461F32C6CB5B6008BB44E /* CommonView.swift in Sources */,
				12B022042C65E7E80079A38E /* SSCoachMarkManager.swift in Sources */,
				129461EF2C6CB215008BB44E /* DefaultStyleView.swift in Sources */,
				12B022062C65E7E80079A38E /* CommonModifier.swift in Sources */,
				12E58E712C66127600B6970A /* SearchTextField.swift in Sources */,
			);
			runOnlyForDeploymentPostprocessing = 0;
		};
		12B021CA2C65E0740079A38E /* Sources */ = {
			isa = PBXSourcesBuildPhase;
			buildActionMask = 2147483647;
			files = (
				12B021D32C65E0740079A38E /* SSCoachMarksDemoTests.swift in Sources */,
			);
			runOnlyForDeploymentPostprocessing = 0;
		};
		12B021D42C65E0740079A38E /* Sources */ = {
			isa = PBXSourcesBuildPhase;
			buildActionMask = 2147483647;
			files = (
				12B021DD2C65E0740079A38E /* SSCoachMarksDemoUITests.swift in Sources */,
				12B021DF2C65E0740079A38E /* SSCoachMarksDemoUITestsLaunchTests.swift in Sources */,
			);
			runOnlyForDeploymentPostprocessing = 0;
		};
/* End PBXSourcesBuildPhase section */

/* Begin PBXTargetDependency section */
		12B021D02C65E0740079A38E /* PBXTargetDependency */ = {
			isa = PBXTargetDependency;
			target = 12B021BD2C65E0730079A38E /* SSCoachMarksDemo */;
			targetProxy = 12B021CF2C65E0740079A38E /* PBXContainerItemProxy */;
		};
		12B021DA2C65E0740079A38E /* PBXTargetDependency */ = {
			isa = PBXTargetDependency;
			target = 12B021BD2C65E0730079A38E /* SSCoachMarksDemo */;
			targetProxy = 12B021D92C65E0740079A38E /* PBXContainerItemProxy */;
		};
/* End PBXTargetDependency section */

/* Begin XCBuildConfiguration section */
		12B021E02C65E0740079A38E /* Debug */ = {
			isa = XCBuildConfiguration;
			buildSettings = {
				ALWAYS_SEARCH_USER_PATHS = NO;
				ASSETCATALOG_COMPILER_GENERATE_SWIFT_ASSET_SYMBOL_EXTENSIONS = YES;
				CLANG_ANALYZER_NONNULL = YES;
				CLANG_ANALYZER_NUMBER_OBJECT_CONVERSION = YES_AGGRESSIVE;
				CLANG_CXX_LANGUAGE_STANDARD = "gnu++20";
				CLANG_ENABLE_MODULES = YES;
				CLANG_ENABLE_OBJC_ARC = YES;
				CLANG_ENABLE_OBJC_WEAK = YES;
				CLANG_WARN_BLOCK_CAPTURE_AUTORELEASING = YES;
				CLANG_WARN_BOOL_CONVERSION = YES;
				CLANG_WARN_COMMA = YES;
				CLANG_WARN_CONSTANT_CONVERSION = YES;
				CLANG_WARN_DEPRECATED_OBJC_IMPLEMENTATIONS = YES;
				CLANG_WARN_DIRECT_OBJC_ISA_USAGE = YES_ERROR;
				CLANG_WARN_DOCUMENTATION_COMMENTS = YES;
				CLANG_WARN_EMPTY_BODY = YES;
				CLANG_WARN_ENUM_CONVERSION = YES;
				CLANG_WARN_INFINITE_RECURSION = YES;
				CLANG_WARN_INT_CONVERSION = YES;
				CLANG_WARN_NON_LITERAL_NULL_CONVERSION = YES;
				CLANG_WARN_OBJC_IMPLICIT_RETAIN_SELF = YES;
				CLANG_WARN_OBJC_LITERAL_CONVERSION = YES;
				CLANG_WARN_OBJC_ROOT_CLASS = YES_ERROR;
				CLANG_WARN_QUOTED_INCLUDE_IN_FRAMEWORK_HEADER = YES;
				CLANG_WARN_RANGE_LOOP_ANALYSIS = YES;
				CLANG_WARN_STRICT_PROTOTYPES = YES;
				CLANG_WARN_SUSPICIOUS_MOVE = YES;
				CLANG_WARN_UNGUARDED_AVAILABILITY = YES_AGGRESSIVE;
				CLANG_WARN_UNREACHABLE_CODE = YES;
				CLANG_WARN__DUPLICATE_METHOD_MATCH = YES;
				COPY_PHASE_STRIP = NO;
				DEBUG_INFORMATION_FORMAT = dwarf;
				ENABLE_STRICT_OBJC_MSGSEND = YES;
				ENABLE_TESTABILITY = YES;
				ENABLE_USER_SCRIPT_SANDBOXING = YES;
				GCC_C_LANGUAGE_STANDARD = gnu17;
				GCC_DYNAMIC_NO_PIC = NO;
				GCC_NO_COMMON_BLOCKS = YES;
				GCC_OPTIMIZATION_LEVEL = 0;
				GCC_PREPROCESSOR_DEFINITIONS = (
					"DEBUG=1",
					"$(inherited)",
				);
				GCC_WARN_64_TO_32_BIT_CONVERSION = YES;
				GCC_WARN_ABOUT_RETURN_TYPE = YES_ERROR;
				GCC_WARN_UNDECLARED_SELECTOR = YES;
				GCC_WARN_UNINITIALIZED_AUTOS = YES_AGGRESSIVE;
				GCC_WARN_UNUSED_FUNCTION = YES;
				GCC_WARN_UNUSED_VARIABLE = YES;
				IPHONEOS_DEPLOYMENT_TARGET = 17.2;
				LOCALIZATION_PREFERS_STRING_CATALOGS = YES;
				MTL_ENABLE_DEBUG_INFO = INCLUDE_SOURCE;
				MTL_FAST_MATH = YES;
				ONLY_ACTIVE_ARCH = YES;
				SDKROOT = iphoneos;
				SWIFT_ACTIVE_COMPILATION_CONDITIONS = "DEBUG $(inherited)";
				SWIFT_OPTIMIZATION_LEVEL = "-Onone";
			};
			name = Debug;
		};
		12B021E12C65E0740079A38E /* Release */ = {
			isa = XCBuildConfiguration;
			buildSettings = {
				ALWAYS_SEARCH_USER_PATHS = NO;
				ASSETCATALOG_COMPILER_GENERATE_SWIFT_ASSET_SYMBOL_EXTENSIONS = YES;
				CLANG_ANALYZER_NONNULL = YES;
				CLANG_ANALYZER_NUMBER_OBJECT_CONVERSION = YES_AGGRESSIVE;
				CLANG_CXX_LANGUAGE_STANDARD = "gnu++20";
				CLANG_ENABLE_MODULES = YES;
				CLANG_ENABLE_OBJC_ARC = YES;
				CLANG_ENABLE_OBJC_WEAK = YES;
				CLANG_WARN_BLOCK_CAPTURE_AUTORELEASING = YES;
				CLANG_WARN_BOOL_CONVERSION = YES;
				CLANG_WARN_COMMA = YES;
				CLANG_WARN_CONSTANT_CONVERSION = YES;
				CLANG_WARN_DEPRECATED_OBJC_IMPLEMENTATIONS = YES;
				CLANG_WARN_DIRECT_OBJC_ISA_USAGE = YES_ERROR;
				CLANG_WARN_DOCUMENTATION_COMMENTS = YES;
				CLANG_WARN_EMPTY_BODY = YES;
				CLANG_WARN_ENUM_CONVERSION = YES;
				CLANG_WARN_INFINITE_RECURSION = YES;
				CLANG_WARN_INT_CONVERSION = YES;
				CLANG_WARN_NON_LITERAL_NULL_CONVERSION = YES;
				CLANG_WARN_OBJC_IMPLICIT_RETAIN_SELF = YES;
				CLANG_WARN_OBJC_LITERAL_CONVERSION = YES;
				CLANG_WARN_OBJC_ROOT_CLASS = YES_ERROR;
				CLANG_WARN_QUOTED_INCLUDE_IN_FRAMEWORK_HEADER = YES;
				CLANG_WARN_RANGE_LOOP_ANALYSIS = YES;
				CLANG_WARN_STRICT_PROTOTYPES = YES;
				CLANG_WARN_SUSPICIOUS_MOVE = YES;
				CLANG_WARN_UNGUARDED_AVAILABILITY = YES_AGGRESSIVE;
				CLANG_WARN_UNREACHABLE_CODE = YES;
				CLANG_WARN__DUPLICATE_METHOD_MATCH = YES;
				COPY_PHASE_STRIP = NO;
				DEBUG_INFORMATION_FORMAT = "dwarf-with-dsym";
				ENABLE_NS_ASSERTIONS = NO;
				ENABLE_STRICT_OBJC_MSGSEND = YES;
				ENABLE_USER_SCRIPT_SANDBOXING = YES;
				GCC_C_LANGUAGE_STANDARD = gnu17;
				GCC_NO_COMMON_BLOCKS = YES;
				GCC_WARN_64_TO_32_BIT_CONVERSION = YES;
				GCC_WARN_ABOUT_RETURN_TYPE = YES_ERROR;
				GCC_WARN_UNDECLARED_SELECTOR = YES;
				GCC_WARN_UNINITIALIZED_AUTOS = YES_AGGRESSIVE;
				GCC_WARN_UNUSED_FUNCTION = YES;
				GCC_WARN_UNUSED_VARIABLE = YES;
				IPHONEOS_DEPLOYMENT_TARGET = 17.2;
				LOCALIZATION_PREFERS_STRING_CATALOGS = YES;
				MTL_ENABLE_DEBUG_INFO = NO;
				MTL_FAST_MATH = YES;
				SDKROOT = iphoneos;
				SWIFT_COMPILATION_MODE = wholemodule;
				VALIDATE_PRODUCT = YES;
			};
			name = Release;
		};
		12B021E32C65E0740079A38E /* Debug */ = {
			isa = XCBuildConfiguration;
			buildSettings = {
				ASSETCATALOG_COMPILER_APPICON_NAME = AppIcon;
				ASSETCATALOG_COMPILER_GLOBAL_ACCENT_COLOR_NAME = AccentColor;
				CODE_SIGN_STYLE = Automatic;
				CURRENT_PROJECT_VERSION = 1;
				DEVELOPMENT_ASSET_PATHS = "\"SSCoachMarksDemo/Preview Content\"";
				DEVELOPMENT_TEAM = C367XQY55B;
				ENABLE_PREVIEWS = YES;
				GENERATE_INFOPLIST_FILE = YES;
				INFOPLIST_KEY_UIApplicationSceneManifest_Generation = YES;
				INFOPLIST_KEY_UIApplicationSupportsIndirectInputEvents = YES;
				INFOPLIST_KEY_UILaunchScreen_Generation = YES;
				INFOPLIST_KEY_UISupportedInterfaceOrientations_iPad = "UIInterfaceOrientationPortrait UIInterfaceOrientationPortraitUpsideDown UIInterfaceOrientationLandscapeLeft UIInterfaceOrientationLandscapeRight";
				INFOPLIST_KEY_UISupportedInterfaceOrientations_iPhone = "UIInterfaceOrientationPortrait UIInterfaceOrientationLandscapeLeft UIInterfaceOrientationLandscapeRight";
				IPHONEOS_DEPLOYMENT_TARGET = 16.4;
				LD_RUNPATH_SEARCH_PATHS = (
					"$(inherited)",
					"@executable_path/Frameworks",
				);
				MARKETING_VERSION = 1.0;
				PRODUCT_BUNDLE_IDENTIFIER = com.simform.SSCoachMarksDemo;
				PRODUCT_NAME = "$(TARGET_NAME)";
				SWIFT_EMIT_LOC_STRINGS = YES;
				SWIFT_VERSION = 5.0;
				TARGETED_DEVICE_FAMILY = "1,2";
			};
			name = Debug;
		};
		12B021E42C65E0740079A38E /* Release */ = {
			isa = XCBuildConfiguration;
			buildSettings = {
				ASSETCATALOG_COMPILER_APPICON_NAME = AppIcon;
				ASSETCATALOG_COMPILER_GLOBAL_ACCENT_COLOR_NAME = AccentColor;
				CODE_SIGN_STYLE = Automatic;
				CURRENT_PROJECT_VERSION = 1;
				DEVELOPMENT_ASSET_PATHS = "\"SSCoachMarksDemo/Preview Content\"";
				DEVELOPMENT_TEAM = C367XQY55B;
				ENABLE_PREVIEWS = YES;
				GENERATE_INFOPLIST_FILE = YES;
				INFOPLIST_KEY_UIApplicationSceneManifest_Generation = YES;
				INFOPLIST_KEY_UIApplicationSupportsIndirectInputEvents = YES;
				INFOPLIST_KEY_UILaunchScreen_Generation = YES;
				INFOPLIST_KEY_UISupportedInterfaceOrientations_iPad = "UIInterfaceOrientationPortrait UIInterfaceOrientationPortraitUpsideDown UIInterfaceOrientationLandscapeLeft UIInterfaceOrientationLandscapeRight";
				INFOPLIST_KEY_UISupportedInterfaceOrientations_iPhone = "UIInterfaceOrientationPortrait UIInterfaceOrientationLandscapeLeft UIInterfaceOrientationLandscapeRight";
				IPHONEOS_DEPLOYMENT_TARGET = 16.4;
				LD_RUNPATH_SEARCH_PATHS = (
					"$(inherited)",
					"@executable_path/Frameworks",
				);
				MARKETING_VERSION = 1.0;
				PRODUCT_BUNDLE_IDENTIFIER = com.simform.SSCoachMarksDemo;
				PRODUCT_NAME = "$(TARGET_NAME)";
				SWIFT_EMIT_LOC_STRINGS = YES;
				SWIFT_VERSION = 5.0;
				TARGETED_DEVICE_FAMILY = "1,2";
			};
			name = Release;
		};
		12B021E62C65E0740079A38E /* Debug */ = {
			isa = XCBuildConfiguration;
			buildSettings = {
				ALWAYS_EMBED_SWIFT_STANDARD_LIBRARIES = YES;
				BUNDLE_LOADER = "$(TEST_HOST)";
				CODE_SIGN_STYLE = Automatic;
				CURRENT_PROJECT_VERSION = 1;
				DEVELOPMENT_TEAM = C367XQY55B;
				GENERATE_INFOPLIST_FILE = YES;
				IPHONEOS_DEPLOYMENT_TARGET = 17.2;
				MARKETING_VERSION = 1.0;
				PRODUCT_BUNDLE_IDENTIFIER = com.simform.SSCoachMarksDemoTests;
				PRODUCT_NAME = "$(TARGET_NAME)";
				SWIFT_EMIT_LOC_STRINGS = NO;
				SWIFT_VERSION = 5.0;
				TARGETED_DEVICE_FAMILY = "1,2";
				TEST_HOST = "$(BUILT_PRODUCTS_DIR)/SSCoachMarksDemo.app/$(BUNDLE_EXECUTABLE_FOLDER_PATH)/SSCoachMarksDemo";
			};
			name = Debug;
		};
		12B021E72C65E0740079A38E /* Release */ = {
			isa = XCBuildConfiguration;
			buildSettings = {
				ALWAYS_EMBED_SWIFT_STANDARD_LIBRARIES = YES;
				BUNDLE_LOADER = "$(TEST_HOST)";
				CODE_SIGN_STYLE = Automatic;
				CURRENT_PROJECT_VERSION = 1;
				DEVELOPMENT_TEAM = C367XQY55B;
				GENERATE_INFOPLIST_FILE = YES;
				IPHONEOS_DEPLOYMENT_TARGET = 17.2;
				MARKETING_VERSION = 1.0;
				PRODUCT_BUNDLE_IDENTIFIER = com.simform.SSCoachMarksDemoTests;
				PRODUCT_NAME = "$(TARGET_NAME)";
				SWIFT_EMIT_LOC_STRINGS = NO;
				SWIFT_VERSION = 5.0;
				TARGETED_DEVICE_FAMILY = "1,2";
				TEST_HOST = "$(BUILT_PRODUCTS_DIR)/SSCoachMarksDemo.app/$(BUNDLE_EXECUTABLE_FOLDER_PATH)/SSCoachMarksDemo";
			};
			name = Release;
		};
		12B021E92C65E0740079A38E /* Debug */ = {
			isa = XCBuildConfiguration;
			buildSettings = {
				ALWAYS_EMBED_SWIFT_STANDARD_LIBRARIES = YES;
				CODE_SIGN_STYLE = Automatic;
				CURRENT_PROJECT_VERSION = 1;
				DEVELOPMENT_TEAM = C367XQY55B;
				GENERATE_INFOPLIST_FILE = YES;
				MARKETING_VERSION = 1.0;
				PRODUCT_BUNDLE_IDENTIFIER = com.simform.SSCoachMarksDemoUITests;
				PRODUCT_NAME = "$(TARGET_NAME)";
				SWIFT_EMIT_LOC_STRINGS = NO;
				SWIFT_VERSION = 5.0;
				TARGETED_DEVICE_FAMILY = "1,2";
				TEST_TARGET_NAME = SSCoachMarksDemo;
			};
			name = Debug;
		};
		12B021EA2C65E0740079A38E /* Release */ = {
			isa = XCBuildConfiguration;
			buildSettings = {
				ALWAYS_EMBED_SWIFT_STANDARD_LIBRARIES = YES;
				CODE_SIGN_STYLE = Automatic;
				CURRENT_PROJECT_VERSION = 1;
				DEVELOPMENT_TEAM = C367XQY55B;
				GENERATE_INFOPLIST_FILE = YES;
				MARKETING_VERSION = 1.0;
				PRODUCT_BUNDLE_IDENTIFIER = com.simform.SSCoachMarksDemoUITests;
				PRODUCT_NAME = "$(TARGET_NAME)";
				SWIFT_EMIT_LOC_STRINGS = NO;
				SWIFT_VERSION = 5.0;
				TARGETED_DEVICE_FAMILY = "1,2";
				TEST_TARGET_NAME = SSCoachMarksDemo;
			};
			name = Release;
		};
/* End XCBuildConfiguration section */

/* Begin XCConfigurationList section */
		12B021B92C65E0730079A38E /* Build configuration list for PBXProject "SSCoachMarksDemo" */ = {
			isa = XCConfigurationList;
			buildConfigurations = (
				12B021E02C65E0740079A38E /* Debug */,
				12B021E12C65E0740079A38E /* Release */,
			);
			defaultConfigurationIsVisible = 0;
			defaultConfigurationName = Release;
		};
		12B021E22C65E0740079A38E /* Build configuration list for PBXNativeTarget "SSCoachMarksDemo" */ = {
			isa = XCConfigurationList;
			buildConfigurations = (
				12B021E32C65E0740079A38E /* Debug */,
				12B021E42C65E0740079A38E /* Release */,
			);
			defaultConfigurationIsVisible = 0;
			defaultConfigurationName = Release;
		};
		12B021E52C65E0740079A38E /* Build configuration list for PBXNativeTarget "SSCoachMarksDemoTests" */ = {
			isa = XCConfigurationList;
			buildConfigurations = (
				12B021E62C65E0740079A38E /* Debug */,
				12B021E72C65E0740079A38E /* Release */,
			);
			defaultConfigurationIsVisible = 0;
			defaultConfigurationName = Release;
		};
		12B021E82C65E0740079A38E /* Build configuration list for PBXNativeTarget "SSCoachMarksDemoUITests" */ = {
			isa = XCConfigurationList;
			buildConfigurations = (
				12B021E92C65E0740079A38E /* Debug */,
				12B021EA2C65E0740079A38E /* Release */,
			);
			defaultConfigurationIsVisible = 0;
			defaultConfigurationName = Release;
		};
/* End XCConfigurationList section */
	};
	rootObject = 12B021B62C65E0730079A38E /* Project object */;
}
